
Microsoft Visual Studio Solution File, Format Version 12.00
# Visual Studio 15
VisualStudioVersion = 15.0.27130.2020
MinimumVisualStudioVersion = 10.0.40219.1
Project("{FAE04EC0-301F-11D3-BF4B-00C04F79EFBC}") = "Books.Android", "Books\Books.Android\Books.Android.csproj", "{002BF5D4-31F2-4F46-A9F3-4F82CE7FF79A}"
EndProject
Project("{FAE04EC0-301F-11D3-BF4B-00C04F79EFBC}") = "Books", "Books\Books\Books.csproj", "{0FF21123-1FFF-4A2A-8F32-E61C4130AC92}"
EndProject
Project("{FAE04EC0-301F-11D3-BF4B-00C04F79EFBC}") = "Books.UWP", "Books\Books.UWP\Books.UWP.csproj", "{1CDC468F-1485-4166-8F71-3A57A2AF5B2C}"
EndProject
Project("{FAE04EC0-301F-11D3-BF4B-00C04F79EFBC}") = "Books.iOS", "Books\Books.iOS\Books.iOS.csproj", "{E66DBAA9-BBFE-475B-8AA1-AB12AD53FA92}"
EndProject
Project("{FAE04EC0-301F-11D3-BF4B-00C04F79EFBC}") = "BooksApi", "BooksApi\BooksApi.csproj", "{D468E890-5C76-44BC-BA28-18DD4C3CB8DA}"
EndProject
Project("{9A19103F-16F7-4668-BE54-9A1E7A4F7556}") = "BooksMiddletier", "BooksMiddletier\BooksMiddletier.csproj", "{281AE970-9510-4B72-B50F-353C55E7BDB9}"
EndProject
Project("{FAE04EC0-301F-11D3-BF4B-00C04F79EFBC}") = "WebJob", "WebJob\WebJob.csproj", "{EA0B94D4-5A31-4699-90AB-96E1CD5BF11A}"
EndProject
Global
	GlobalSection(SolutionConfigurationPlatforms) = preSolution
		Ad-Hoc|Any CPU = Ad-Hoc|Any CPU
		Ad-Hoc|ARM = Ad-Hoc|ARM
		Ad-Hoc|iPhone = Ad-Hoc|iPhone
		Ad-Hoc|iPhoneSimulator = Ad-Hoc|iPhoneSimulator
		Ad-Hoc|x64 = Ad-Hoc|x64
		Ad-Hoc|x86 = Ad-Hoc|x86
		AppStore|Any CPU = AppStore|Any CPU
		AppStore|ARM = AppStore|ARM
		AppStore|iPhone = AppStore|iPhone
		AppStore|iPhoneSimulator = AppStore|iPhoneSimulator
		AppStore|x64 = AppStore|x64
		AppStore|x86 = AppStore|x86
		Debug|Any CPU = Debug|Any CPU
		Debug|ARM = Debug|ARM
		Debug|iPhone = Debug|iPhone
		Debug|iPhoneSimulator = Debug|iPhoneSimulator
		Debug|x64 = Debug|x64
		Debug|x86 = Debug|x86
		Release|Any CPU = Release|Any CPU
		Release|ARM = Release|ARM
		Release|iPhone = Release|iPhone
		Release|iPhoneSimulator = Release|iPhoneSimulator
		Release|x64 = Release|x64
		Release|x86 = Release|x86
	EndGlobalSection
	GlobalSection(ProjectConfigurationPlatforms) = postSolution
		{002BF5D4-31F2-4F46-A9F3-4F82CE7FF79A}.Ad-Hoc|Any CPU.ActiveCfg = Release|Any CPU
		{002BF5D4-31F2-4F46-A9F3-4F82CE7FF79A}.Ad-Hoc|Any CPU.Build.0 = Release|Any CPU
		{002BF5D4-31F2-4F46-A9F3-4F82CE7FF79A}.Ad-Hoc|Any CPU.Deploy.0 = Release|Any CPU
		{002BF5D4-31F2-4F46-A9F3-4F82CE7FF79A}.Ad-Hoc|ARM.ActiveCfg = Release|Any CPU
		{002BF5D4-31F2-4F46-A9F3-4F82CE7FF79A}.Ad-Hoc|ARM.Build.0 = Release|Any CPU
		{002BF5D4-31F2-4F46-A9F3-4F82CE7FF79A}.Ad-Hoc|ARM.Deploy.0 = Release|Any CPU
		{002BF5D4-31F2-4F46-A9F3-4F82CE7FF79A}.Ad-Hoc|iPhone.ActiveCfg = Release|Any CPU
		{002BF5D4-31F2-4F46-A9F3-4F82CE7FF79A}.Ad-Hoc|iPhone.Build.0 = Release|Any CPU
		{002BF5D4-31F2-4F46-A9F3-4F82CE7FF79A}.Ad-Hoc|iPhone.Deploy.0 = Release|Any CPU
		{002BF5D4-31F2-4F46-A9F3-4F82CE7FF79A}.Ad-Hoc|iPhoneSimulator.ActiveCfg = Release|Any CPU
		{002BF5D4-31F2-4F46-A9F3-4F82CE7FF79A}.Ad-Hoc|iPhoneSimulator.Build.0 = Release|Any CPU
		{002BF5D4-31F2-4F46-A9F3-4F82CE7FF79A}.Ad-Hoc|iPhoneSimulator.Deploy.0 = Release|Any CPU
		{002BF5D4-31F2-4F46-A9F3-4F82CE7FF79A}.Ad-Hoc|x64.ActiveCfg = Release|Any CPU
		{002BF5D4-31F2-4F46-A9F3-4F82CE7FF79A}.Ad-Hoc|x64.Build.0 = Release|Any CPU
		{002BF5D4-31F2-4F46-A9F3-4F82CE7FF79A}.Ad-Hoc|x64.Deploy.0 = Release|Any CPU
		{002BF5D4-31F2-4F46-A9F3-4F82CE7FF79A}.Ad-Hoc|x86.ActiveCfg = Release|Any CPU
		{002BF5D4-31F2-4F46-A9F3-4F82CE7FF79A}.Ad-Hoc|x86.Build.0 = Release|Any CPU
		{002BF5D4-31F2-4F46-A9F3-4F82CE7FF79A}.Ad-Hoc|x86.Deploy.0 = Release|Any CPU
		{002BF5D4-31F2-4F46-A9F3-4F82CE7FF79A}.AppStore|Any CPU.ActiveCfg = Release|Any CPU
		{002BF5D4-31F2-4F46-A9F3-4F82CE7FF79A}.AppStore|Any CPU.Build.0 = Release|Any CPU
		{002BF5D4-31F2-4F46-A9F3-4F82CE7FF79A}.AppStore|Any CPU.Deploy.0 = Release|Any CPU
		{002BF5D4-31F2-4F46-A9F3-4F82CE7FF79A}.AppStore|ARM.ActiveCfg = Release|Any CPU
		{002BF5D4-31F2-4F46-A9F3-4F82CE7FF79A}.AppStore|ARM.Build.0 = Release|Any CPU
		{002BF5D4-31F2-4F46-A9F3-4F82CE7FF79A}.AppStore|ARM.Deploy.0 = Release|Any CPU
		{002BF5D4-31F2-4F46-A9F3-4F82CE7FF79A}.AppStore|iPhone.ActiveCfg = Release|Any CPU
		{002BF5D4-31F2-4F46-A9F3-4F82CE7FF79A}.AppStore|iPhone.Build.0 = Release|Any CPU
		{002BF5D4-31F2-4F46-A9F3-4F82CE7FF79A}.AppStore|iPhone.Deploy.0 = Release|Any CPU
		{002BF5D4-31F2-4F46-A9F3-4F82CE7FF79A}.AppStore|iPhoneSimulator.ActiveCfg = Release|Any CPU
		{002BF5D4-31F2-4F46-A9F3-4F82CE7FF79A}.AppStore|iPhoneSimulator.Build.0 = Release|Any CPU
		{002BF5D4-31F2-4F46-A9F3-4F82CE7FF79A}.AppStore|iPhoneSimulator.Deploy.0 = Release|Any CPU
		{002BF5D4-31F2-4F46-A9F3-4F82CE7FF79A}.AppStore|x64.ActiveCfg = Release|Any CPU
		{002BF5D4-31F2-4F46-A9F3-4F82CE7FF79A}.AppStore|x64.Build.0 = Release|Any CPU
		{002BF5D4-31F2-4F46-A9F3-4F82CE7FF79A}.AppStore|x64.Deploy.0 = Release|Any CPU
		{002BF5D4-31F2-4F46-A9F3-4F82CE7FF79A}.AppStore|x86.ActiveCfg = Release|Any CPU
		{002BF5D4-31F2-4F46-A9F3-4F82CE7FF79A}.AppStore|x86.Build.0 = Release|Any CPU
		{002BF5D4-31F2-4F46-A9F3-4F82CE7FF79A}.AppStore|x86.Deploy.0 = Release|Any CPU
		{002BF5D4-31F2-4F46-A9F3-4F82CE7FF79A}.Debug|Any CPU.ActiveCfg = Debug|Any CPU
		{002BF5D4-31F2-4F46-A9F3-4F82CE7FF79A}.Debug|Any CPU.Build.0 = Debug|Any CPU
		{002BF5D4-31F2-4F46-A9F3-4F82CE7FF79A}.Debug|Any CPU.Deploy.0 = Debug|Any CPU
		{002BF5D4-31F2-4F46-A9F3-4F82CE7FF79A}.Debug|ARM.ActiveCfg = Debug|Any CPU
		{002BF5D4-31F2-4F46-A9F3-4F82CE7FF79A}.Debug|ARM.Build.0 = Debug|Any CPU
		{002BF5D4-31F2-4F46-A9F3-4F82CE7FF79A}.Debug|ARM.Deploy.0 = Debug|Any CPU
		{002BF5D4-31F2-4F46-A9F3-4F82CE7FF79A}.Debug|iPhone.ActiveCfg = Debug|Any CPU
		{002BF5D4-31F2-4F46-A9F3-4F82CE7FF79A}.Debug|iPhone.Build.0 = Debug|Any CPU
		{002BF5D4-31F2-4F46-A9F3-4F82CE7FF79A}.Debug|iPhone.Deploy.0 = Debug|Any CPU
		{002BF5D4-31F2-4F46-A9F3-4F82CE7FF79A}.Debug|iPhoneSimulator.ActiveCfg = Debug|Any CPU
		{002BF5D4-31F2-4F46-A9F3-4F82CE7FF79A}.Debug|iPhoneSimulator.Build.0 = Debug|Any CPU
		{002BF5D4-31F2-4F46-A9F3-4F82CE7FF79A}.Debug|iPhoneSimulator.Deploy.0 = Debug|Any CPU
		{002BF5D4-31F2-4F46-A9F3-4F82CE7FF79A}.Debug|x64.ActiveCfg = Debug|Any CPU
		{002BF5D4-31F2-4F46-A9F3-4F82CE7FF79A}.Debug|x64.Build.0 = Debug|Any CPU
		{002BF5D4-31F2-4F46-A9F3-4F82CE7FF79A}.Debug|x64.Deploy.0 = Debug|Any CPU
		{002BF5D4-31F2-4F46-A9F3-4F82CE7FF79A}.Debug|x86.ActiveCfg = Debug|Any CPU
		{002BF5D4-31F2-4F46-A9F3-4F82CE7FF79A}.Debug|x86.Build.0 = Debug|Any CPU
		{002BF5D4-31F2-4F46-A9F3-4F82CE7FF79A}.Debug|x86.Deploy.0 = Debug|Any CPU
		{002BF5D4-31F2-4F46-A9F3-4F82CE7FF79A}.Release|Any CPU.ActiveCfg = Release|Any CPU
		{002BF5D4-31F2-4F46-A9F3-4F82CE7FF79A}.Release|Any CPU.Build.0 = Release|Any CPU
		{002BF5D4-31F2-4F46-A9F3-4F82CE7FF79A}.Release|Any CPU.Deploy.0 = Release|Any CPU
		{002BF5D4-31F2-4F46-A9F3-4F82CE7FF79A}.Release|ARM.ActiveCfg = Release|Any CPU
		{002BF5D4-31F2-4F46-A9F3-4F82CE7FF79A}.Release|ARM.Build.0 = Release|Any CPU
		{002BF5D4-31F2-4F46-A9F3-4F82CE7FF79A}.Release|ARM.Deploy.0 = Release|Any CPU
		{002BF5D4-31F2-4F46-A9F3-4F82CE7FF79A}.Release|iPhone.ActiveCfg = Release|Any CPU
		{002BF5D4-31F2-4F46-A9F3-4F82CE7FF79A}.Release|iPhone.Build.0 = Release|Any CPU
		{002BF5D4-31F2-4F46-A9F3-4F82CE7FF79A}.Release|iPhone.Deploy.0 = Release|Any CPU
		{002BF5D4-31F2-4F46-A9F3-4F82CE7FF79A}.Release|iPhoneSimulator.ActiveCfg = Release|Any CPU
		{002BF5D4-31F2-4F46-A9F3-4F82CE7FF79A}.Release|iPhoneSimulator.Build.0 = Release|Any CPU
		{002BF5D4-31F2-4F46-A9F3-4F82CE7FF79A}.Release|iPhoneSimulator.Deploy.0 = Release|Any CPU
		{002BF5D4-31F2-4F46-A9F3-4F82CE7FF79A}.Release|x64.ActiveCfg = Release|Any CPU
		{002BF5D4-31F2-4F46-A9F3-4F82CE7FF79A}.Release|x64.Build.0 = Release|Any CPU
		{002BF5D4-31F2-4F46-A9F3-4F82CE7FF79A}.Release|x64.Deploy.0 = Release|Any CPU
		{002BF5D4-31F2-4F46-A9F3-4F82CE7FF79A}.Release|x86.ActiveCfg = Release|Any CPU
		{002BF5D4-31F2-4F46-A9F3-4F82CE7FF79A}.Release|x86.Build.0 = Release|Any CPU
		{002BF5D4-31F2-4F46-A9F3-4F82CE7FF79A}.Release|x86.Deploy.0 = Release|Any CPU
		{0FF21123-1FFF-4A2A-8F32-E61C4130AC92}.Ad-Hoc|Any CPU.ActiveCfg = Release|Any CPU
		{0FF21123-1FFF-4A2A-8F32-E61C4130AC92}.Ad-Hoc|Any CPU.Build.0 = Release|Any CPU
		{0FF21123-1FFF-4A2A-8F32-E61C4130AC92}.Ad-Hoc|ARM.ActiveCfg = Release|Any CPU
		{0FF21123-1FFF-4A2A-8F32-E61C4130AC92}.Ad-Hoc|ARM.Build.0 = Release|Any CPU
		{0FF21123-1FFF-4A2A-8F32-E61C4130AC92}.Ad-Hoc|iPhone.ActiveCfg = Release|Any CPU
		{0FF21123-1FFF-4A2A-8F32-E61C4130AC92}.Ad-Hoc|iPhone.Build.0 = Release|Any CPU
		{0FF21123-1FFF-4A2A-8F32-E61C4130AC92}.Ad-Hoc|iPhoneSimulator.ActiveCfg = Release|Any CPU
		{0FF21123-1FFF-4A2A-8F32-E61C4130AC92}.Ad-Hoc|iPhoneSimulator.Build.0 = Release|Any CPU
		{0FF21123-1FFF-4A2A-8F32-E61C4130AC92}.Ad-Hoc|x64.ActiveCfg = Release|Any CPU
		{0FF21123-1FFF-4A2A-8F32-E61C4130AC92}.Ad-Hoc|x64.Build.0 = Release|Any CPU
		{0FF21123-1FFF-4A2A-8F32-E61C4130AC92}.Ad-Hoc|x86.ActiveCfg = Release|Any CPU
		{0FF21123-1FFF-4A2A-8F32-E61C4130AC92}.Ad-Hoc|x86.Build.0 = Release|Any CPU
		{0FF21123-1FFF-4A2A-8F32-E61C4130AC92}.AppStore|Any CPU.ActiveCfg = Release|Any CPU
		{0FF21123-1FFF-4A2A-8F32-E61C4130AC92}.AppStore|Any CPU.Build.0 = Release|Any CPU
		{0FF21123-1FFF-4A2A-8F32-E61C4130AC92}.AppStore|ARM.ActiveCfg = Release|Any CPU
		{0FF21123-1FFF-4A2A-8F32-E61C4130AC92}.AppStore|ARM.Build.0 = Release|Any CPU
		{0FF21123-1FFF-4A2A-8F32-E61C4130AC92}.AppStore|iPhone.ActiveCfg = Release|Any CPU
		{0FF21123-1FFF-4A2A-8F32-E61C4130AC92}.AppStore|iPhone.Build.0 = Release|Any CPU
		{0FF21123-1FFF-4A2A-8F32-E61C4130AC92}.AppStore|iPhoneSimulator.ActiveCfg = Release|Any CPU
		{0FF21123-1FFF-4A2A-8F32-E61C4130AC92}.AppStore|iPhoneSimulator.Build.0 = Release|Any CPU
		{0FF21123-1FFF-4A2A-8F32-E61C4130AC92}.AppStore|x64.ActiveCfg = Release|Any CPU
		{0FF21123-1FFF-4A2A-8F32-E61C4130AC92}.AppStore|x64.Build.0 = Release|Any CPU
		{0FF21123-1FFF-4A2A-8F32-E61C4130AC92}.AppStore|x86.ActiveCfg = Release|Any CPU
		{0FF21123-1FFF-4A2A-8F32-E61C4130AC92}.AppStore|x86.Build.0 = Release|Any CPU
		{0FF21123-1FFF-4A2A-8F32-E61C4130AC92}.Debug|Any CPU.ActiveCfg = Debug|Any CPU
		{0FF21123-1FFF-4A2A-8F32-E61C4130AC92}.Debug|Any CPU.Build.0 = Debug|Any CPU
		{0FF21123-1FFF-4A2A-8F32-E61C4130AC92}.Debug|ARM.ActiveCfg = Debug|Any CPU
		{0FF21123-1FFF-4A2A-8F32-E61C4130AC92}.Debug|ARM.Build.0 = Debug|Any CPU
		{0FF21123-1FFF-4A2A-8F32-E61C4130AC92}.Debug|iPhone.ActiveCfg = Debug|Any CPU
		{0FF21123-1FFF-4A2A-8F32-E61C4130AC92}.Debug|iPhone.Build.0 = Debug|Any CPU
		{0FF21123-1FFF-4A2A-8F32-E61C4130AC92}.Debug|iPhoneSimulator.ActiveCfg = Debug|Any CPU
		{0FF21123-1FFF-4A2A-8F32-E61C4130AC92}.Debug|iPhoneSimulator.Build.0 = Debug|Any CPU
		{0FF21123-1FFF-4A2A-8F32-E61C4130AC92}.Debug|x64.ActiveCfg = Debug|Any CPU
		{0FF21123-1FFF-4A2A-8F32-E61C4130AC92}.Debug|x64.Build.0 = Debug|Any CPU
		{0FF21123-1FFF-4A2A-8F32-E61C4130AC92}.Debug|x86.ActiveCfg = Debug|Any CPU
		{0FF21123-1FFF-4A2A-8F32-E61C4130AC92}.Debug|x86.Build.0 = Debug|Any CPU
		{0FF21123-1FFF-4A2A-8F32-E61C4130AC92}.Release|Any CPU.ActiveCfg = Release|Any CPU
		{0FF21123-1FFF-4A2A-8F32-E61C4130AC92}.Release|Any CPU.Build.0 = Release|Any CPU
		{0FF21123-1FFF-4A2A-8F32-E61C4130AC92}.Release|ARM.ActiveCfg = Release|Any CPU
		{0FF21123-1FFF-4A2A-8F32-E61C4130AC92}.Release|ARM.Build.0 = Release|Any CPU
		{0FF21123-1FFF-4A2A-8F32-E61C4130AC92}.Release|iPhone.ActiveCfg = Release|Any CPU
		{0FF21123-1FFF-4A2A-8F32-E61C4130AC92}.Release|iPhone.Build.0 = Release|Any CPU
		{0FF21123-1FFF-4A2A-8F32-E61C4130AC92}.Release|iPhoneSimulator.ActiveCfg = Release|Any CPU
		{0FF21123-1FFF-4A2A-8F32-E61C4130AC92}.Release|iPhoneSimulator.Build.0 = Release|Any CPU
		{0FF21123-1FFF-4A2A-8F32-E61C4130AC92}.Release|x64.ActiveCfg = Release|Any CPU
		{0FF21123-1FFF-4A2A-8F32-E61C4130AC92}.Release|x64.Build.0 = Release|Any CPU
		{0FF21123-1FFF-4A2A-8F32-E61C4130AC92}.Release|x86.ActiveCfg = Release|Any CPU
		{0FF21123-1FFF-4A2A-8F32-E61C4130AC92}.Release|x86.Build.0 = Release|Any CPU
		{1CDC468F-1485-4166-8F71-3A57A2AF5B2C}.Ad-Hoc|Any CPU.ActiveCfg = Release|x86
		{1CDC468F-1485-4166-8F71-3A57A2AF5B2C}.Ad-Hoc|Any CPU.Build.0 = Release|x86
		{1CDC468F-1485-4166-8F71-3A57A2AF5B2C}.Ad-Hoc|Any CPU.Deploy.0 = Release|x86
		{1CDC468F-1485-4166-8F71-3A57A2AF5B2C}.Ad-Hoc|ARM.ActiveCfg = Release|ARM
		{1CDC468F-1485-4166-8F71-3A57A2AF5B2C}.Ad-Hoc|ARM.Build.0 = Release|ARM
		{1CDC468F-1485-4166-8F71-3A57A2AF5B2C}.Ad-Hoc|ARM.Deploy.0 = Release|ARM
		{1CDC468F-1485-4166-8F71-3A57A2AF5B2C}.Ad-Hoc|iPhone.ActiveCfg = Release|x86
		{1CDC468F-1485-4166-8F71-3A57A2AF5B2C}.Ad-Hoc|iPhone.Build.0 = Release|x86
		{1CDC468F-1485-4166-8F71-3A57A2AF5B2C}.Ad-Hoc|iPhone.Deploy.0 = Release|x86
		{1CDC468F-1485-4166-8F71-3A57A2AF5B2C}.Ad-Hoc|iPhoneSimulator.ActiveCfg = Release|x86
		{1CDC468F-1485-4166-8F71-3A57A2AF5B2C}.Ad-Hoc|iPhoneSimulator.Build.0 = Release|x86
		{1CDC468F-1485-4166-8F71-3A57A2AF5B2C}.Ad-Hoc|iPhoneSimulator.Deploy.0 = Release|x86
		{1CDC468F-1485-4166-8F71-3A57A2AF5B2C}.Ad-Hoc|x64.ActiveCfg = Release|x64
		{1CDC468F-1485-4166-8F71-3A57A2AF5B2C}.Ad-Hoc|x64.Build.0 = Release|x64
		{1CDC468F-1485-4166-8F71-3A57A2AF5B2C}.Ad-Hoc|x64.Deploy.0 = Release|x64
		{1CDC468F-1485-4166-8F71-3A57A2AF5B2C}.Ad-Hoc|x86.ActiveCfg = Release|x86
		{1CDC468F-1485-4166-8F71-3A57A2AF5B2C}.Ad-Hoc|x86.Build.0 = Release|x86
		{1CDC468F-1485-4166-8F71-3A57A2AF5B2C}.Ad-Hoc|x86.Deploy.0 = Release|x86
		{1CDC468F-1485-4166-8F71-3A57A2AF5B2C}.AppStore|Any CPU.ActiveCfg = Release|x86
		{1CDC468F-1485-4166-8F71-3A57A2AF5B2C}.AppStore|Any CPU.Build.0 = Release|x86
		{1CDC468F-1485-4166-8F71-3A57A2AF5B2C}.AppStore|Any CPU.Deploy.0 = Release|x86
		{1CDC468F-1485-4166-8F71-3A57A2AF5B2C}.AppStore|ARM.ActiveCfg = Release|ARM
		{1CDC468F-1485-4166-8F71-3A57A2AF5B2C}.AppStore|ARM.Build.0 = Release|ARM
		{1CDC468F-1485-4166-8F71-3A57A2AF5B2C}.AppStore|ARM.Deploy.0 = Release|ARM
		{1CDC468F-1485-4166-8F71-3A57A2AF5B2C}.AppStore|iPhone.ActiveCfg = Release|x86
		{1CDC468F-1485-4166-8F71-3A57A2AF5B2C}.AppStore|iPhone.Build.0 = Release|x86
		{1CDC468F-1485-4166-8F71-3A57A2AF5B2C}.AppStore|iPhone.Deploy.0 = Release|x86
		{1CDC468F-1485-4166-8F71-3A57A2AF5B2C}.AppStore|iPhoneSimulator.ActiveCfg = Release|x86
		{1CDC468F-1485-4166-8F71-3A57A2AF5B2C}.AppStore|iPhoneSimulator.Build.0 = Release|x86
		{1CDC468F-1485-4166-8F71-3A57A2AF5B2C}.AppStore|iPhoneSimulator.Deploy.0 = Release|x86
		{1CDC468F-1485-4166-8F71-3A57A2AF5B2C}.AppStore|x64.ActiveCfg = Release|x64
		{1CDC468F-1485-4166-8F71-3A57A2AF5B2C}.AppStore|x64.Build.0 = Release|x64
		{1CDC468F-1485-4166-8F71-3A57A2AF5B2C}.AppStore|x64.Deploy.0 = Release|x64
		{1CDC468F-1485-4166-8F71-3A57A2AF5B2C}.AppStore|x86.ActiveCfg = Release|x86
		{1CDC468F-1485-4166-8F71-3A57A2AF5B2C}.AppStore|x86.Build.0 = Release|x86
		{1CDC468F-1485-4166-8F71-3A57A2AF5B2C}.AppStore|x86.Deploy.0 = Release|x86
		{1CDC468F-1485-4166-8F71-3A57A2AF5B2C}.Debug|Any CPU.ActiveCfg = Debug|x86
		{1CDC468F-1485-4166-8F71-3A57A2AF5B2C}.Debug|Any CPU.Build.0 = Debug|x86
		{1CDC468F-1485-4166-8F71-3A57A2AF5B2C}.Debug|Any CPU.Deploy.0 = Debug|x86
		{1CDC468F-1485-4166-8F71-3A57A2AF5B2C}.Debug|ARM.ActiveCfg = Debug|ARM
		{1CDC468F-1485-4166-8F71-3A57A2AF5B2C}.Debug|ARM.Build.0 = Debug|ARM
		{1CDC468F-1485-4166-8F71-3A57A2AF5B2C}.Debug|ARM.Deploy.0 = Debug|ARM
		{1CDC468F-1485-4166-8F71-3A57A2AF5B2C}.Debug|iPhone.ActiveCfg = Debug|x86
		{1CDC468F-1485-4166-8F71-3A57A2AF5B2C}.Debug|iPhone.Build.0 = Debug|x86
		{1CDC468F-1485-4166-8F71-3A57A2AF5B2C}.Debug|iPhoneSimulator.ActiveCfg = Debug|x86
		{1CDC468F-1485-4166-8F71-3A57A2AF5B2C}.Debug|x64.ActiveCfg = Debug|x64
		{1CDC468F-1485-4166-8F71-3A57A2AF5B2C}.Debug|x64.Build.0 = Debug|x64
		{1CDC468F-1485-4166-8F71-3A57A2AF5B2C}.Debug|x64.Deploy.0 = Debug|x64
		{1CDC468F-1485-4166-8F71-3A57A2AF5B2C}.Debug|x86.ActiveCfg = Debug|x86
		{1CDC468F-1485-4166-8F71-3A57A2AF5B2C}.Debug|x86.Build.0 = Debug|x86
		{1CDC468F-1485-4166-8F71-3A57A2AF5B2C}.Debug|x86.Deploy.0 = Debug|x86
		{1CDC468F-1485-4166-8F71-3A57A2AF5B2C}.Release|Any CPU.ActiveCfg = Release|x86
		{1CDC468F-1485-4166-8F71-3A57A2AF5B2C}.Release|ARM.ActiveCfg = Release|ARM
		{1CDC468F-1485-4166-8F71-3A57A2AF5B2C}.Release|ARM.Build.0 = Release|ARM
		{1CDC468F-1485-4166-8F71-3A57A2AF5B2C}.Release|ARM.Deploy.0 = Release|ARM
		{1CDC468F-1485-4166-8F71-3A57A2AF5B2C}.Release|iPhone.ActiveCfg = Release|x86
		{1CDC468F-1485-4166-8F71-3A57A2AF5B2C}.Release|iPhoneSimulator.ActiveCfg = Release|x86
		{1CDC468F-1485-4166-8F71-3A57A2AF5B2C}.Release|x64.ActiveCfg = Release|x64
		{1CDC468F-1485-4166-8F71-3A57A2AF5B2C}.Release|x64.Build.0 = Release|x64
		{1CDC468F-1485-4166-8F71-3A57A2AF5B2C}.Release|x64.Deploy.0 = Release|x64
		{1CDC468F-1485-4166-8F71-3A57A2AF5B2C}.Release|x86.ActiveCfg = Release|x86
		{1CDC468F-1485-4166-8F71-3A57A2AF5B2C}.Release|x86.Build.0 = Release|x86
		{1CDC468F-1485-4166-8F71-3A57A2AF5B2C}.Release|x86.Deploy.0 = Release|x86
		{E66DBAA9-BBFE-475B-8AA1-AB12AD53FA92}.Ad-Hoc|Any CPU.ActiveCfg = Ad-Hoc|iPhone
		{E66DBAA9-BBFE-475B-8AA1-AB12AD53FA92}.Ad-Hoc|ARM.ActiveCfg = Ad-Hoc|iPhone
		{E66DBAA9-BBFE-475B-8AA1-AB12AD53FA92}.Ad-Hoc|iPhone.ActiveCfg = Ad-Hoc|iPhone
		{E66DBAA9-BBFE-475B-8AA1-AB12AD53FA92}.Ad-Hoc|iPhone.Build.0 = Ad-Hoc|iPhone
		{E66DBAA9-BBFE-475B-8AA1-AB12AD53FA92}.Ad-Hoc|iPhoneSimulator.ActiveCfg = Ad-Hoc|iPhoneSimulator
		{E66DBAA9-BBFE-475B-8AA1-AB12AD53FA92}.Ad-Hoc|iPhoneSimulator.Build.0 = Ad-Hoc|iPhoneSimulator
		{E66DBAA9-BBFE-475B-8AA1-AB12AD53FA92}.Ad-Hoc|x64.ActiveCfg = Ad-Hoc|iPhone
		{E66DBAA9-BBFE-475B-8AA1-AB12AD53FA92}.Ad-Hoc|x86.ActiveCfg = Ad-Hoc|iPhone
		{E66DBAA9-BBFE-475B-8AA1-AB12AD53FA92}.AppStore|Any CPU.ActiveCfg = AppStore|iPhone
		{E66DBAA9-BBFE-475B-8AA1-AB12AD53FA92}.AppStore|ARM.ActiveCfg = AppStore|iPhone
		{E66DBAA9-BBFE-475B-8AA1-AB12AD53FA92}.AppStore|iPhone.ActiveCfg = AppStore|iPhone
		{E66DBAA9-BBFE-475B-8AA1-AB12AD53FA92}.AppStore|iPhone.Build.0 = AppStore|iPhone
		{E66DBAA9-BBFE-475B-8AA1-AB12AD53FA92}.AppStore|iPhoneSimulator.ActiveCfg = AppStore|iPhoneSimulator
		{E66DBAA9-BBFE-475B-8AA1-AB12AD53FA92}.AppStore|iPhoneSimulator.Build.0 = AppStore|iPhoneSimulator
		{E66DBAA9-BBFE-475B-8AA1-AB12AD53FA92}.AppStore|x64.ActiveCfg = AppStore|iPhone
		{E66DBAA9-BBFE-475B-8AA1-AB12AD53FA92}.AppStore|x86.ActiveCfg = AppStore|iPhone
		{E66DBAA9-BBFE-475B-8AA1-AB12AD53FA92}.Debug|Any CPU.ActiveCfg = Debug|iPhone
		{E66DBAA9-BBFE-475B-8AA1-AB12AD53FA92}.Debug|Any CPU.Build.0 = Debug|iPhone
		{E66DBAA9-BBFE-475B-8AA1-AB12AD53FA92}.Debug|ARM.ActiveCfg = Debug|iPhone
		{E66DBAA9-BBFE-475B-8AA1-AB12AD53FA92}.Debug|iPhone.ActiveCfg = Debug|iPhone
		{E66DBAA9-BBFE-475B-8AA1-AB12AD53FA92}.Debug|iPhone.Build.0 = Debug|iPhone
		{E66DBAA9-BBFE-475B-8AA1-AB12AD53FA92}.Debug|iPhoneSimulator.ActiveCfg = Debug|iPhoneSimulator
		{E66DBAA9-BBFE-475B-8AA1-AB12AD53FA92}.Debug|iPhoneSimulator.Build.0 = Debug|iPhoneSimulator
		{E66DBAA9-BBFE-475B-8AA1-AB12AD53FA92}.Debug|x64.ActiveCfg = Debug|iPhone
		{E66DBAA9-BBFE-475B-8AA1-AB12AD53FA92}.Debug|x86.ActiveCfg = Debug|iPhone
		{E66DBAA9-BBFE-475B-8AA1-AB12AD53FA92}.Release|Any CPU.ActiveCfg = Release|iPhone
		{E66DBAA9-BBFE-475B-8AA1-AB12AD53FA92}.Release|ARM.ActiveCfg = Release|iPhone
		{E66DBAA9-BBFE-475B-8AA1-AB12AD53FA92}.Release|iPhone.ActiveCfg = Release|iPhone
		{E66DBAA9-BBFE-475B-8AA1-AB12AD53FA92}.Release|iPhone.Build.0 = Release|iPhone
		{E66DBAA9-BBFE-475B-8AA1-AB12AD53FA92}.Release|iPhoneSimulator.ActiveCfg = Release|iPhoneSimulator
		{E66DBAA9-BBFE-475B-8AA1-AB12AD53FA92}.Release|iPhoneSimulator.Build.0 = Release|iPhoneSimulator
		{E66DBAA9-BBFE-475B-8AA1-AB12AD53FA92}.Release|x64.ActiveCfg = Release|iPhone
		{E66DBAA9-BBFE-475B-8AA1-AB12AD53FA92}.Release|x86.ActiveCfg = Release|iPhone
		{D468E890-5C76-44BC-BA28-18DD4C3CB8DA}.Ad-Hoc|Any CPU.ActiveCfg = Release|Any CPU
		{D468E890-5C76-44BC-BA28-18DD4C3CB8DA}.Ad-Hoc|Any CPU.Build.0 = Release|Any CPU
		{D468E890-5C76-44BC-BA28-18DD4C3CB8DA}.Ad-Hoc|ARM.ActiveCfg = Release|Any CPU
		{D468E890-5C76-44BC-BA28-18DD4C3CB8DA}.Ad-Hoc|ARM.Build.0 = Release|Any CPU
		{D468E890-5C76-44BC-BA28-18DD4C3CB8DA}.Ad-Hoc|iPhone.ActiveCfg = Release|Any CPU
		{D468E890-5C76-44BC-BA28-18DD4C3CB8DA}.Ad-Hoc|iPhone.Build.0 = Release|Any CPU
		{D468E890-5C76-44BC-BA28-18DD4C3CB8DA}.Ad-Hoc|iPhoneSimulator.ActiveCfg = Release|Any CPU
		{D468E890-5C76-44BC-BA28-18DD4C3CB8DA}.Ad-Hoc|iPhoneSimulator.Build.0 = Release|Any CPU
		{D468E890-5C76-44BC-BA28-18DD4C3CB8DA}.Ad-Hoc|x64.ActiveCfg = Release|Any CPU
		{D468E890-5C76-44BC-BA28-18DD4C3CB8DA}.Ad-Hoc|x64.Build.0 = Release|Any CPU
		{D468E890-5C76-44BC-BA28-18DD4C3CB8DA}.Ad-Hoc|x86.ActiveCfg = Release|Any CPU
		{D468E890-5C76-44BC-BA28-18DD4C3CB8DA}.Ad-Hoc|x86.Build.0 = Release|Any CPU
		{D468E890-5C76-44BC-BA28-18DD4C3CB8DA}.AppStore|Any CPU.ActiveCfg = Release|Any CPU
		{D468E890-5C76-44BC-BA28-18DD4C3CB8DA}.AppStore|Any CPU.Build.0 = Release|Any CPU
		{D468E890-5C76-44BC-BA28-18DD4C3CB8DA}.AppStore|ARM.ActiveCfg = Release|Any CPU
		{D468E890-5C76-44BC-BA28-18DD4C3CB8DA}.AppStore|ARM.Build.0 = Release|Any CPU
		{D468E890-5C76-44BC-BA28-18DD4C3CB8DA}.AppStore|iPhone.ActiveCfg = Release|Any CPU
		{D468E890-5C76-44BC-BA28-18DD4C3CB8DA}.AppStore|iPhone.Build.0 = Release|Any CPU
		{D468E890-5C76-44BC-BA28-18DD4C3CB8DA}.AppStore|iPhoneSimulator.ActiveCfg = Release|Any CPU
		{D468E890-5C76-44BC-BA28-18DD4C3CB8DA}.AppStore|iPhoneSimulator.Build.0 = Release|Any CPU
		{D468E890-5C76-44BC-BA28-18DD4C3CB8DA}.AppStore|x64.ActiveCfg = Release|Any CPU
		{D468E890-5C76-44BC-BA28-18DD4C3CB8DA}.AppStore|x64.Build.0 = Release|Any CPU
		{D468E890-5C76-44BC-BA28-18DD4C3CB8DA}.AppStore|x86.ActiveCfg = Release|Any CPU
		{D468E890-5C76-44BC-BA28-18DD4C3CB8DA}.AppStore|x86.Build.0 = Release|Any CPU
		{D468E890-5C76-44BC-BA28-18DD4C3CB8DA}.Debug|Any CPU.ActiveCfg = Debug|Any CPU
		{D468E890-5C76-44BC-BA28-18DD4C3CB8DA}.Debug|Any CPU.Build.0 = Debug|Any CPU
		{D468E890-5C76-44BC-BA28-18DD4C3CB8DA}.Debug|ARM.ActiveCfg = Debug|Any CPU
		{D468E890-5C76-44BC-BA28-18DD4C3CB8DA}.Debug|ARM.Build.0 = Debug|Any CPU
		{D468E890-5C76-44BC-BA28-18DD4C3CB8DA}.Debug|iPhone.ActiveCfg = Debug|Any CPU
		{D468E890-5C76-44BC-BA28-18DD4C3CB8DA}.Debug|iPhone.Build.0 = Debug|Any CPU
		{D468E890-5C76-44BC-BA28-18DD4C3CB8DA}.Debug|iPhoneSimulator.ActiveCfg = Debug|Any CPU
		{D468E890-5C76-44BC-BA28-18DD4C3CB8DA}.Debug|iPhoneSimulator.Build.0 = Debug|Any CPU
		{D468E890-5C76-44BC-BA28-18DD4C3CB8DA}.Debug|x64.ActiveCfg = Debug|Any CPU
		{D468E890-5C76-44BC-BA28-18DD4C3CB8DA}.Debug|x64.Build.0 = Debug|Any CPU
		{D468E890-5C76-44BC-BA28-18DD4C3CB8DA}.Debug|x86.ActiveCfg = Debug|Any CPU
		{D468E890-5C76-44BC-BA28-18DD4C3CB8DA}.Debug|x86.Build.0 = Debug|Any CPU
		{D468E890-5C76-44BC-BA28-18DD4C3CB8DA}.Release|Any CPU.ActiveCfg = Release|Any CPU
		{D468E890-5C76-44BC-BA28-18DD4C3CB8DA}.Release|Any CPU.Build.0 = Release|Any CPU
		{D468E890-5C76-44BC-BA28-18DD4C3CB8DA}.Release|ARM.ActiveCfg = Release|Any CPU
		{D468E890-5C76-44BC-BA28-18DD4C3CB8DA}.Release|ARM.Build.0 = Release|Any CPU
		{D468E890-5C76-44BC-BA28-18DD4C3CB8DA}.Release|iPhone.ActiveCfg = Release|Any CPU
		{D468E890-5C76-44BC-BA28-18DD4C3CB8DA}.Release|iPhone.Build.0 = Release|Any CPU
		{D468E890-5C76-44BC-BA28-18DD4C3CB8DA}.Release|iPhoneSimulator.ActiveCfg = Release|Any CPU
		{D468E890-5C76-44BC-BA28-18DD4C3CB8DA}.Release|iPhoneSimulator.Build.0 = Release|Any CPU
		{D468E890-5C76-44BC-BA28-18DD4C3CB8DA}.Release|x64.ActiveCfg = Release|Any CPU
		{D468E890-5C76-44BC-BA28-18DD4C3CB8DA}.Release|x64.Build.0 = Release|Any CPU
		{D468E890-5C76-44BC-BA28-18DD4C3CB8DA}.Release|x86.ActiveCfg = Release|Any CPU
		{D468E890-5C76-44BC-BA28-18DD4C3CB8DA}.Release|x86.Build.0 = Release|Any CPU
		{281AE970-9510-4B72-B50F-353C55E7BDB9}.Ad-Hoc|Any CPU.ActiveCfg = Debug|Any CPU
		{281AE970-9510-4B72-B50F-353C55E7BDB9}.Ad-Hoc|Any CPU.Build.0 = Debug|Any CPU
		{281AE970-9510-4B72-B50F-353C55E7BDB9}.Ad-Hoc|ARM.ActiveCfg = Debug|Any CPU
		{281AE970-9510-4B72-B50F-353C55E7BDB9}.Ad-Hoc|ARM.Build.0 = Debug|Any CPU
		{281AE970-9510-4B72-B50F-353C55E7BDB9}.Ad-Hoc|iPhone.ActiveCfg = Debug|Any CPU
		{281AE970-9510-4B72-B50F-353C55E7BDB9}.Ad-Hoc|iPhone.Build.0 = Debug|Any CPU
		{281AE970-9510-4B72-B50F-353C55E7BDB9}.Ad-Hoc|iPhoneSimulator.ActiveCfg = Debug|Any CPU
		{281AE970-9510-4B72-B50F-353C55E7BDB9}.Ad-Hoc|iPhoneSimulator.Build.0 = Debug|Any CPU
		{281AE970-9510-4B72-B50F-353C55E7BDB9}.Ad-Hoc|x64.ActiveCfg = Debug|Any CPU
		{281AE970-9510-4B72-B50F-353C55E7BDB9}.Ad-Hoc|x64.Build.0 = Debug|Any CPU
		{281AE970-9510-4B72-B50F-353C55E7BDB9}.Ad-Hoc|x86.ActiveCfg = Debug|Any CPU
		{281AE970-9510-4B72-B50F-353C55E7BDB9}.Ad-Hoc|x86.Build.0 = Debug|Any CPU
		{281AE970-9510-4B72-B50F-353C55E7BDB9}.AppStore|Any CPU.ActiveCfg = Debug|Any CPU
		{281AE970-9510-4B72-B50F-353C55E7BDB9}.AppStore|Any CPU.Build.0 = Debug|Any CPU
		{281AE970-9510-4B72-B50F-353C55E7BDB9}.AppStore|ARM.ActiveCfg = Debug|Any CPU
		{281AE970-9510-4B72-B50F-353C55E7BDB9}.AppStore|ARM.Build.0 = Debug|Any CPU
		{281AE970-9510-4B72-B50F-353C55E7BDB9}.AppStore|iPhone.ActiveCfg = Debug|Any CPU
		{281AE970-9510-4B72-B50F-353C55E7BDB9}.AppStore|iPhone.Build.0 = Debug|Any CPU
		{281AE970-9510-4B72-B50F-353C55E7BDB9}.AppStore|iPhoneSimulator.ActiveCfg = Debug|Any CPU
		{281AE970-9510-4B72-B50F-353C55E7BDB9}.AppStore|iPhoneSimulator.Build.0 = Debug|Any CPU
		{281AE970-9510-4B72-B50F-353C55E7BDB9}.AppStore|x64.ActiveCfg = Debug|Any CPU
		{281AE970-9510-4B72-B50F-353C55E7BDB9}.AppStore|x64.Build.0 = Debug|Any CPU
		{281AE970-9510-4B72-B50F-353C55E7BDB9}.AppStore|x86.ActiveCfg = Debug|Any CPU
		{281AE970-9510-4B72-B50F-353C55E7BDB9}.AppStore|x86.Build.0 = Debug|Any CPU
		{281AE970-9510-4B72-B50F-353C55E7BDB9}.Debug|Any CPU.ActiveCfg = Debug|Any CPU
		{281AE970-9510-4B72-B50F-353C55E7BDB9}.Debug|Any CPU.Build.0 = Debug|Any CPU
		{281AE970-9510-4B72-B50F-353C55E7BDB9}.Debug|ARM.ActiveCfg = Debug|Any CPU
		{281AE970-9510-4B72-B50F-353C55E7BDB9}.Debug|ARM.Build.0 = Debug|Any CPU
		{281AE970-9510-4B72-B50F-353C55E7BDB9}.Debug|iPhone.ActiveCfg = Debug|Any CPU
		{281AE970-9510-4B72-B50F-353C55E7BDB9}.Debug|iPhone.Build.0 = Debug|Any CPU
		{281AE970-9510-4B72-B50F-353C55E7BDB9}.Debug|iPhoneSimulator.ActiveCfg = Debug|Any CPU
		{281AE970-9510-4B72-B50F-353C55E7BDB9}.Debug|iPhoneSimulator.Build.0 = Debug|Any CPU
		{281AE970-9510-4B72-B50F-353C55E7BDB9}.Debug|x64.ActiveCfg = Debug|Any CPU
		{281AE970-9510-4B72-B50F-353C55E7BDB9}.Debug|x64.Build.0 = Debug|Any CPU
		{281AE970-9510-4B72-B50F-353C55E7BDB9}.Debug|x86.ActiveCfg = Debug|Any CPU
		{281AE970-9510-4B72-B50F-353C55E7BDB9}.Debug|x86.Build.0 = Debug|Any CPU
		{281AE970-9510-4B72-B50F-353C55E7BDB9}.Release|Any CPU.ActiveCfg = Release|Any CPU
		{281AE970-9510-4B72-B50F-353C55E7BDB9}.Release|Any CPU.Build.0 = Release|Any CPU
		{281AE970-9510-4B72-B50F-353C55E7BDB9}.Release|ARM.ActiveCfg = Release|Any CPU
		{281AE970-9510-4B72-B50F-353C55E7BDB9}.Release|ARM.Build.0 = Release|Any CPU
		{281AE970-9510-4B72-B50F-353C55E7BDB9}.Release|iPhone.ActiveCfg = Release|Any CPU
		{281AE970-9510-4B72-B50F-353C55E7BDB9}.Release|iPhone.Build.0 = Release|Any CPU
		{281AE970-9510-4B72-B50F-353C55E7BDB9}.Release|iPhoneSimulator.ActiveCfg = Release|Any CPU
		{281AE970-9510-4B72-B50F-353C55E7BDB9}.Release|iPhoneSimulator.Build.0 = Release|Any CPU
		{281AE970-9510-4B72-B50F-353C55E7BDB9}.Release|x64.ActiveCfg = Release|Any CPU
		{281AE970-9510-4B72-B50F-353C55E7BDB9}.Release|x64.Build.0 = Release|Any CPU
		{281AE970-9510-4B72-B50F-353C55E7BDB9}.Release|x86.ActiveCfg = Release|Any CPU
		{281AE970-9510-4B72-B50F-353C55E7BDB9}.Release|x86.Build.0 = Release|Any CPU
		{EA0B94D4-5A31-4699-90AB-96E1CD5BF11A}.Ad-Hoc|Any CPU.ActiveCfg = Release|Any CPU
		{EA0B94D4-5A31-4699-90AB-96E1CD5BF11A}.Ad-Hoc|Any CPU.Build.0 = Release|Any CPU
		{EA0B94D4-5A31-4699-90AB-96E1CD5BF11A}.Ad-Hoc|ARM.ActiveCfg = Release|Any CPU
		{EA0B94D4-5A31-4699-90AB-96E1CD5BF11A}.Ad-Hoc|ARM.Build.0 = Release|Any CPU
		{EA0B94D4-5A31-4699-90AB-96E1CD5BF11A}.Ad-Hoc|iPhone.ActiveCfg = Release|Any CPU
		{EA0B94D4-5A31-4699-90AB-96E1CD5BF11A}.Ad-Hoc|iPhone.Build.0 = Release|Any CPU
		{EA0B94D4-5A31-4699-90AB-96E1CD5BF11A}.Ad-Hoc|iPhoneSimulator.ActiveCfg = Release|Any CPU
		{EA0B94D4-5A31-4699-90AB-96E1CD5BF11A}.Ad-Hoc|iPhoneSimulator.Build.0 = Release|Any CPU
		{EA0B94D4-5A31-4699-90AB-96E1CD5BF11A}.Ad-Hoc|x64.ActiveCfg = Release|Any CPU
		{EA0B94D4-5A31-4699-90AB-96E1CD5BF11A}.Ad-Hoc|x64.Build.0 = Release|Any CPU
		{EA0B94D4-5A31-4699-90AB-96E1CD5BF11A}.Ad-Hoc|x86.ActiveCfg = Release|Any CPU
		{EA0B94D4-5A31-4699-90AB-96E1CD5BF11A}.Ad-Hoc|x86.Build.0 = Release|Any CPU
		{EA0B94D4-5A31-4699-90AB-96E1CD5BF11A}.AppStore|Any CPU.ActiveCfg = Release|Any CPU
		{EA0B94D4-5A31-4699-90AB-96E1CD5BF11A}.AppStore|Any CPU.Build.0 = Release|Any CPU
		{EA0B94D4-5A31-4699-90AB-96E1CD5BF11A}.AppStore|ARM.ActiveCfg = Release|Any CPU
		{EA0B94D4-5A31-4699-90AB-96E1CD5BF11A}.AppStore|ARM.Build.0 = Release|Any CPU
		{EA0B94D4-5A31-4699-90AB-96E1CD5BF11A}.AppStore|iPhone.ActiveCfg = Release|Any CPU
		{EA0B94D4-5A31-4699-90AB-96E1CD5BF11A}.AppStore|iPhone.Build.0 = Release|Any CPU
		{EA0B94D4-5A31-4699-90AB-96E1CD5BF11A}.AppStore|iPhoneSimulator.ActiveCfg = Release|Any CPU
		{EA0B94D4-5A31-4699-90AB-96E1CD5BF11A}.AppStore|iPhoneSimulator.Build.0 = Release|Any CPU
		{EA0B94D4-5A31-4699-90AB-96E1CD5BF11A}.AppStore|x64.ActiveCfg = Release|Any CPU
		{EA0B94D4-5A31-4699-90AB-96E1CD5BF11A}.AppStore|x64.Build.0 = Release|Any CPU
		{EA0B94D4-5A31-4699-90AB-96E1CD5BF11A}.AppStore|x86.ActiveCfg = Release|Any CPU
		{EA0B94D4-5A31-4699-90AB-96E1CD5BF11A}.AppStore|x86.Build.0 = Release|Any CPU
		{EA0B94D4-5A31-4699-90AB-96E1CD5BF11A}.Debug|Any CPU.ActiveCfg = Debug|Any CPU
		{EA0B94D4-5A31-4699-90AB-96E1CD5BF11A}.Debug|Any CPU.Build.0 = Debug|Any CPU
		{EA0B94D4-5A31-4699-90AB-96E1CD5BF11A}.Debug|ARM.ActiveCfg = Debug|Any CPU
		{EA0B94D4-5A31-4699-90AB-96E1CD5BF11A}.Debug|ARM.Build.0 = Debug|Any CPU
		{EA0B94D4-5A31-4699-90AB-96E1CD5BF11A}.Debug|iPhone.ActiveCfg = Debug|Any CPU
		{EA0B94D4-5A31-4699-90AB-96E1CD5BF11A}.Debug|iPhone.Build.0 = Debug|Any CPU
		{EA0B94D4-5A31-4699-90AB-96E1CD5BF11A}.Debug|iPhoneSimulator.ActiveCfg = Debug|Any CPU
		{EA0B94D4-5A31-4699-90AB-96E1CD5BF11A}.Debug|iPhoneSimulator.Build.0 = Debug|Any CPU
		{EA0B94D4-5A31-4699-90AB-96E1CD5BF11A}.Debug|x64.ActiveCfg = Debug|Any CPU
		{EA0B94D4-5A31-4699-90AB-96E1CD5BF11A}.Debug|x64.Build.0 = Debug|Any CPU
		{EA0B94D4-5A31-4699-90AB-96E1CD5BF11A}.Debug|x86.ActiveCfg = Debug|Any CPU
		{EA0B94D4-5A31-4699-90AB-96E1CD5BF11A}.Debug|x86.Build.0 = Debug|Any CPU
		{EA0B94D4-5A31-4699-90AB-96E1CD5BF11A}.Release|Any CPU.ActiveCfg = Release|Any CPU
		{EA0B94D4-5A31-4699-90AB-96E1CD5BF11A}.Release|Any CPU.Build.0 = Release|Any CPU
		{EA0B94D4-5A31-4699-90AB-96E1CD5BF11A}.Release|ARM.ActiveCfg = Release|Any CPU
		{EA0B94D4-5A31-4699-90AB-96E1CD5BF11A}.Release|ARM.Build.0 = Release|Any CPU
		{EA0B94D4-5A31-4699-90AB-96E1CD5BF11A}.Release|iPhone.ActiveCfg = Release|Any CPU
		{EA0B94D4-5A31-4699-90AB-96E1CD5BF11A}.Release|iPhone.Build.0 = Release|Any CPU
		{EA0B94D4-5A31-4699-90AB-96E1CD5BF11A}.Release|iPhoneSimulator.ActiveCfg = Release|Any CPU
		{EA0B94D4-5A31-4699-90AB-96E1CD5BF11A}.Release|iPhoneSimulator.Build.0 = Release|Any CPU
		{EA0B94D4-5A31-4699-90AB-96E1CD5BF11A}.Release|x64.ActiveCfg = Release|Any CPU
		{EA0B94D4-5A31-4699-90AB-96E1CD5BF11A}.Release|x64.Build.0 = Release|Any CPU
		{EA0B94D4-5A31-4699-90AB-96E1CD5BF11A}.Release|x86.ActiveCfg = Release|Any CPU
		{EA0B94D4-5A31-4699-90AB-96E1CD5BF11A}.Release|x86.Build.0 = Release|Any CPU
	EndGlobalSection
	GlobalSection(SolutionProperties) = preSolution
		HideSolutionNode = FALSE
	EndGlobalSection
	GlobalSection(ExtensibilityGlobals) = postSolution
		SolutionGuid = {FD649E75-F71D-4D3F-A910-4623C4E0AF62}
	EndGlobalSection
	GlobalSection(TeamFoundationVersionControl) = preSolution
		SccNumberOfProjects = 8
		SccEnterpriseProvider = {4CA58AB2-18FA-4F8D-95D4-32DDF27D184C}
		SccTeamFoundationServer = https://maioralin.visualstudio.com/
		SccLocalPath0 = .
		SccProjectUniqueName1 = Books\\Books.Android\\Books.Android.csproj
		SccProjectName1 = Books/Books.Android
		SccLocalPath1 = Books\\Books.Android
		SccProjectUniqueName2 = Books\\Books.iOS\\Books.iOS.csproj
		SccProjectName2 = Books/Books.iOS
		SccLocalPath2 = Books\\Books.iOS
		SccProjectUniqueName3 = Books\\Books.UWP\\Books.UWP.csproj
		SccProjectName3 = Books/Books.UWP
		SccLocalPath3 = Books\\Books.UWP
		SccProjectUniqueName4 = Books\\Books\\Books.csproj
		SccProjectName4 = Books/Books
		SccLocalPath4 = Books\\Books
		SccProjectUniqueName5 = BooksApi\\BooksApi.csproj
		SccProjectName5 = BooksApi
		SccLocalPath5 = BooksApi
		SccProjectUniqueName6 = BooksMiddletier\\BooksMiddletier.csproj
		SccProjectName6 = BooksMiddletier
		SccLocalPath6 = BooksMiddletier
		SccProjectUniqueName7 = WebJob\\WebJob.csproj
		SccProjectName7 = WebJob
		SccLocalPath7 = WebJob
	EndGlobalSection
EndGlobal
